
Microsoft Visual Studio Solution File, Format Version 12.00
# Visual Studio 14
VisualStudioVersion = 14.0.25420.1
MinimumVisualStudioVersion = 10.0.40219.1
Project("{FAE04EC0-301F-11D3-BF4B-00C04F79EFBC}") = "Практика2", "Практика2\Практика2.csproj", "{9538BCF6-5D24-4477-85AB-432B064E609E}"
EndProject
Global
	GlobalSection(SolutionConfigurationPlatforms) = preSolution
		Debug|Any CPU = Debug|Any CPU
		Release|Any CPU = Release|Any CPU
	EndGlobalSection
	GlobalSection(ProjectConfigurationPlatforms) = postSolution
		{9538BCF6-5D24-4477-85AB-432B064E609E}.Debug|Any CPU.ActiveCfg = Debug|Any CPU
		{9538BCF6-5D24-4477-85AB-432B064E609E}.Debug|Any CPU.Build.0 = Debug|Any CPU
		{9538BCF6-5D24-4477-85AB-432B064E609E}.Release|Any CPU.ActiveCfg = Release|Any CPU
		{9538BCF6-5D24-4477-85AB-432B064E609E}.Release|Any CPU.Build.0 = Release|Any CPU
	EndGlobalSection
	GlobalSection(SolutionProperties) = preSolution
		HideSolutionNode = FALSE
	EndGlobalSection
EndGlobal
